
Microsoft Visual Studio Solution File, Format Version 11.00
# Visual Studio 2010
Project("{FAE04EC0-301F-11D3-BF4B-00C04F79EFBC}") = "Assembly-CSharp", "Assembly-CSharp.csproj", "{9CA0E93C-C1E6-97AF-2158-0EB34E1ABAA8}"
EndProject
Project("{FAE04EC0-301F-11D3-BF4B-00C04F79EFBC}") = "Assembly-CSharp-Editor", "Assembly-CSharp-Editor.csproj", "{15CFD5A1-8E10-CBA8-9CDE-F68DC9422A2B}"
EndProject
Global
	GlobalSection(SolutionConfigurationPlatforms) = preSolution
		Debug|Any CPU = Debug|Any CPU
		Release|Any CPU = Release|Any CPU
	EndGlobalSection
	GlobalSection(ProjectConfigurationPlatforms) = postSolution
		{9CA0E93C-C1E6-97AF-2158-0EB34E1ABAA8}.Debug|Any CPU.ActiveCfg = Debug|Any CPU
		{9CA0E93C-C1E6-97AF-2158-0EB34E1ABAA8}.Debug|Any CPU.Build.0 = Debug|Any CPU
		{9CA0E93C-C1E6-97AF-2158-0EB34E1ABAA8}.Release|Any CPU.ActiveCfg = Release|Any CPU
		{9CA0E93C-C1E6-97AF-2158-0EB34E1ABAA8}.Release|Any CPU.Build.0 = Release|Any CPU
		{15CFD5A1-8E10-CBA8-9CDE-F68DC9422A2B}.Debug|Any CPU.ActiveCfg = Debug|Any CPU
		{15CFD5A1-8E10-CBA8-9CDE-F68DC9422A2B}.Debug|Any CPU.Build.0 = Debug|Any CPU
		{15CFD5A1-8E10-CBA8-9CDE-F68DC9422A2B}.Release|Any CPU.ActiveCfg = Release|Any CPU
		{15CFD5A1-8E10-CBA8-9CDE-F68DC9422A2B}.Release|Any CPU.Build.0 = Release|Any CPU
	EndGlobalSection
	GlobalSection(SolutionProperties) = preSolution
		HideSolutionNode = FALSE
	EndGlobalSection
EndGlobal
